{
    "name": "proiectbeu",
    "version": "1.0.0",
    "lockfileVersion": 3,
    "requires": true,
    "packages": {
        "": {
            "name": "proiectbeu",
            "version": "1.0.0",
            "dependencies": {
                "proiectbeu": "file:"
            }
        },
        "node_modules/proiectbeu": {
            "resolved": "",
            "link": true
        }
    }
}
